
Microsoft Visual Studio Solution File, Format Version 12.00
Project("{FAE04EC0-301F-11D3-BF4B-00C04F79EFBC}") = "N-LayerBestPratice.Repository", "N-LayerBestPratice.Repository\N-LayerBestPratice.Repository.csproj", "{AC0668F5-320D-4238-BB2C-F51A814FC413}"
EndProject
Global
	GlobalSection(SolutionConfigurationPlatforms) = preSolution
		Debug|Any CPU = Debug|Any CPU
		Release|Any CPU = Release|Any CPU
	EndGlobalSection
	GlobalSection(ProjectConfigurationPlatforms) = postSolution
		{AC0668F5-320D-4238-BB2C-F51A814FC413}.Debug|Any CPU.ActiveCfg = Debug|Any CPU
		{AC0668F5-320D-4238-BB2C-F51A814FC413}.Debug|Any CPU.Build.0 = Debug|Any CPU
		{AC0668F5-320D-4238-BB2C-F51A814FC413}.Release|Any CPU.ActiveCfg = Release|Any CPU
		{AC0668F5-320D-4238-BB2C-F51A814FC413}.Release|Any CPU.Build.0 = Release|Any CPU
	EndGlobalSection
EndGlobal
